// !$*UTF8*$!
{
	archiveVersion = 1;
	classes = {
	};
	objectVersion = 77;
	objects = {

/* Begin PBXBuildFile section */
		65BFE5EF2E07C68B008531D1 /* FirebaseAuth in Frameworks */ = {isa = PBXBuildFile; productRef = 65BFE5EE2E07C68B008531D1 /* FirebaseAuth */; };
		65BFE5F12E07C68B008531D1 /* FirebaseFirestore in Frameworks */ = {isa = PBXBuildFile; productRef = 65BFE5F02E07C68B008531D1 /* FirebaseFirestore */; };
/* End PBXBuildFile section */

/* Begin PBXContainerItemProxy section */
		65BFE5802E07C373008531D1 /* PBXContainerItemProxy */ = {
			isa = PBXContainerItemProxy;
			containerPortal = 65BFE5672E07C372008531D1 /* Project object */;
			proxyType = 1;
			remoteGlobalIDString = 65BFE56E2E07C372008531D1;
			remoteInfo = MarketStaffApp;
		};
		65BFE58A2E07C373008531D1 /* PBXContainerItemProxy */ = {
			isa = PBXContainerItemProxy;
			containerPortal = 65BFE5672E07C372008531D1 /* Project object */;
			proxyType = 1;
			remoteGlobalIDString = 65BFE56E2E07C372008531D1;
			remoteInfo = MarketStaffApp;
		};
/* End PBXContainerItemProxy section */

/* Begin PBXFileReference section */
		65BFE56F2E07C372008531D1 /* MarketStaffApp.app */ = {isa = PBXFileReference; explicitFileType = wrapper.application; includeInIndex = 0; path = MarketStaffApp.app; sourceTree = BUILT_PRODUCTS_DIR; };
		65BFE57F2E07C373008531D1 /* MarketStaffAppTests.xctest */ = {isa = PBXFileReference; explicitFileType = wrapper.cfbundle; includeInIndex = 0; path = MarketStaffAppTests.xctest; sourceTree = BUILT_PRODUCTS_DIR; };
		65BFE5892E07C373008531D1 /* MarketStaffAppUITests.xctest */ = {isa = PBXFileReference; explicitFileType = wrapper.cfbundle; includeInIndex = 0; path = MarketStaffAppUITests.xctest; sourceTree = BUILT_PRODUCTS_DIR; };
/* End PBXFileReference section */

/* Begin PBXFileSystemSynchronizedRootGroup section */
		65BFE5712E07C372008531D1 /* MarketStaffApp */ = {
			isa = PBXFileSystemSynchronizedRootGroup;
			path = MarketStaffApp;
			sourceTree = "<group>";
		};
		65BFE5822E07C373008531D1 /* MarketStaffAppTests */ = {
			isa = PBXFileSystemSynchronizedRootGroup;
			path = MarketStaffAppTests;
			sourceTree = "<group>";
		};
		65BFE58C2E07C373008531D1 /* MarketStaffAppUITests */ = {
			isa = PBXFileSystemSynchronizedRootGroup;
			path = MarketStaffAppUITests;
			sourceTree = "<group>";
		};
/* End PBXFileSystemSynchronizedRootGroup section */

/* Begin PBXFrameworksBuildPhase section */
		65BFE56C2E07C372008531D1 /* Frameworks */ = {
			isa = PBXFrameworksBuildPhase;
			buildActionMask = 2147483647;
			files = (
				65BFE5EF2E07C68B008531D1 /* FirebaseAuth in Frameworks */,
				65BFE5F12E07C68B008531D1 /* FirebaseFirestore in Frameworks */,
			);
			runOnlyForDeploymentPostprocessing = 0;
		};
		65BFE57C2E07C373008531D1 /* Frameworks */ = {
			isa = PBXFrameworksBuildPhase;
			buildActionMask = 2147483647;
			files = (
			);
			runOnlyForDeploymentPostprocessing = 0;
		};
		65BFE5862E07C373008531D1 /* Frameworks */ = {
			isa = PBXFrameworksBuildPhase;
			buildActionMask = 2147483647;
			files = (
			);
			runOnlyForDeploymentPostprocessing = 0;
		};
/* End PBXFrameworksBuildPhase section */

/* Begin PBXGroup section */
		65BFE5662E07C372008531D1 = {
			isa = PBXGroup;
			children = (
				65BFE5712E07C372008531D1 /* MarketStaffApp */,
				65BFE5822E07C373008531D1 /* MarketStaffAppTests */,
				65BFE58C2E07C373008531D1 /* MarketStaffAppUITests */,
				65BFE5702E07C372008531D1 /* Products */,
			);
			sourceTree = "<group>";
		};
		65BFE5702E07C372008531D1 /* Products */ = {
			isa = PBXGroup;
			children = (
				65BFE56F2E07C372008531D1 /* MarketStaffApp.app */,
				65BFE57F2E07C373008531D1 /* MarketStaffAppTests.xctest */,
				65BFE5892E07C373008531D1 /* MarketStaffAppUITests.xctest */,
			);
			name = Products;
			sourceTree = "<group>";
		};
/* End PBXGroup section */

/* Begin PBXNativeTarget section */
		65BFE56E2E07C372008531D1 /* MarketStaffApp */ = {
			isa = PBXNativeTarget;
			buildConfigurationList = 65BFE5932E07C373008531D1 /* Build configuration list for PBXNativeTarget "MarketStaffApp" */;
			buildPhases = (
				65BFE56B2E07C372008531D1 /* Sources */,
				65BFE56C2E07C372008531D1 /* Frameworks */,
				65BFE56D2E07C372008531D1 /* Resources */,
			);
			buildRules = (
			);
			dependencies = (
			);
			fileSystemSynchronizedGroups = (
				65BFE5712E07C372008531D1 /* MarketStaffApp */,
			);
			name = MarketStaffApp;
			packageProductDependencies = (
				65BFE5EE2E07C68B008531D1 /* FirebaseAuth */,
				65BFE5F02E07C68B008531D1 /* FirebaseFirestore */,
			);
			productName = MarketStaffApp;
			productReference = 65BFE56F2E07C372008531D1 /* MarketStaffApp.app */;
			productType = "com.apple.product-type.application";
		};
		65BFE57E2E07C373008531D1 /* MarketStaffAppTests */ = {
			isa = PBXNativeTarget;
			buildConfigurationList = 65BFE5962E07C373008531D1 /* Build configuration list for PBXNativeTarget "MarketStaffAppTests" */;
			buildPhases = (
				65BFE57B2E07C373008531D1 /* Sources */,
				65BFE57C2E07C373008531D1 /* Frameworks */,
				65BFE57D2E07C373008531D1 /* Resources */,
			);
			buildRules = (
			);
			dependencies = (
				65BFE5812E07C373008531D1 /* PBXTargetDependency */,
			);
			fileSystemSynchronizedGroups = (
				65BFE5822E07C373008531D1 /* MarketStaffAppTests */,
			);
			name = MarketStaffAppTests;
			packageProductDependencies = (
			);
			productName = MarketStaffAppTests;
			productReference = 65BFE57F2E07C373008531D1 /* MarketStaffAppTests.xctest */;
			productType = "com.apple.product-type.bundle.unit-test";
		};
		65BFE5882E07C373008531D1 /* MarketStaffAppUITests */ = {
			isa = PBXNativeTarget;
			buildConfigurationList = 65BFE5992E07C373008531D1 /* Build configuration list for PBXNativeTarget "MarketStaffAppUITests" */;
			buildPhases = (
				65BFE5852E07C373008531D1 /* Sources */,
				65BFE5862E07C373008531D1 /* Frameworks */,
				65BFE5872E07C373008531D1 /* Resources */,
			);
			buildRules = (
			);
			dependencies = (
				65BFE58B2E07C373008531D1 /* PBXTargetDependency */,
			);
			fileSystemSynchronizedGroups = (
				65BFE58C2E07C373008531D1 /* MarketStaffAppUITests */,
			);
			name = MarketStaffAppUITests;
			packageProductDependencies = (
			);
			productName = MarketStaffAppUITests;
			productReference = 65BFE5892E07C373008531D1 /* MarketStaffAppUITests.xctest */;
			productType = "com.apple.product-type.bundle.ui-testing";
		};
/* End PBXNativeTarget section */

/* Begin PBXProject section */
		65BFE5672E07C372008531D1 /* Project object */ = {
			isa = PBXProject;
			attributes = {
				BuildIndependentTargetsInParallel = 1;
				LastSwiftUpdateCheck = 1620;
				LastUpgradeCheck = 1620;
				TargetAttributes = {
					65BFE56E2E07C372008531D1 = {
						CreatedOnToolsVersion = 16.2;
					};
					65BFE57E2E07C373008531D1 = {
						CreatedOnToolsVersion = 16.2;
						TestTargetID = 65BFE56E2E07C372008531D1;
					};
					65BFE5882E07C373008531D1 = {
						CreatedOnToolsVersion = 16.2;
						TestTargetID = 65BFE56E2E07C372008531D1;
					};
				};
			};
			buildConfigurationList = 65BFE56A2E07C372008531D1 /* Build configuration list for PBXProject "MarketStaffApp" */;
			developmentRegion = en;
			hasScannedForEncodings = 0;
			knownRegions = (
				en,
				Base,
			);
			mainGroup = 65BFE5662E07C372008531D1;
			minimizedProjectReferenceProxies = 1;
			packageReferences = (
				65BFE5ED2E07C68B008531D1 /* XCRemoteSwiftPackageReference "firebase-ios-sdk" */,
			);
			preferredProjectObjectVersion = 77;
			productRefGroup = 65BFE5702E07C372008531D1 /* Products */;
			projectDirPath = "";
			projectRoot = "";
			targets = (
				65BFE56E2E07C372008531D1 /* MarketStaffApp */,
				65BFE57E2E07C373008531D1 /* MarketStaffAppTests */,
				65BFE5882E07C373008531D1 /* MarketStaffAppUITests */,
			);
		};
/* End PBXProject section */

/* Begin PBXResourcesBuildPhase section */
		65BFE56D2E07C372008531D1 /* Resources */ = {
			isa = PBXResourcesBuildPhase;
			buildActionMask = 2147483647;
			files = (
			);
			runOnlyForDeploymentPostprocessing = 0;
		};
		65BFE57D2E07C373008531D1 /* Resources */ = {
			isa = PBXResourcesBuildPhase;
			buildActionMask = 2147483647;
			files = (
			);
			runOnlyForDeploymentPostprocessing = 0;
		};
		65BFE5872E07C373008531D1 /* Resources */ = {
			isa = PBXResourcesBuildPhase;
			buildActionMask = 2147483647;
			files = (
			);
			runOnlyForDeploymentPostprocessing = 0;
		};
/* End PBXResourcesBuildPhase section */

/* Begin PBXSourcesBuildPhase section */
		65BFE56B2E07C372008531D1 /* Sources */ = {
			isa = PBXSourcesBuildPhase;
			buildActionMask = 2147483647;
			files = (
			);
			runOnlyForDeploymentPostprocessing = 0;
		};
		65BFE57B2E07C373008531D1 /* Sources */ = {
			isa = PBXSourcesBuildPhase;
			buildActionMask = 2147483647;
			files = (
			);
			runOnlyForDeploymentPostprocessing = 0;
		};
		65BFE5852E07C373008531D1 /* Sources */ = {
			isa = PBXSourcesBuildPhase;
			buildActionMask = 2147483647;
			files = (
			);
			runOnlyForDeploymentPostprocessing = 0;
		};
/* End PBXSourcesBuildPhase section */

/* Begin PBXTargetDependency section */
		65BFE5812E07C373008531D1 /* PBXTargetDependency */ = {
			isa = PBXTargetDependency;
			target = 65BFE56E2E07C372008531D1 /* MarketStaffApp */;
			targetProxy = 65BFE5802E07C373008531D1 /* PBXContainerItemProxy */;
		};
		65BFE58B2E07C373008531D1 /* PBXTargetDependency */ = {
			isa = PBXTargetDependency;
			target = 65BFE56E2E07C372008531D1 /* MarketStaffApp */;
			targetProxy = 65BFE58A2E07C373008531D1 /* PBXContainerItemProxy */;
		};
/* End PBXTargetDependency section */

/* Begin XCBuildConfiguration section */
		65BFE5912E07C373008531D1 /* Debug */ = {
			isa = XCBuildConfiguration;
			buildSettings = {
				ALWAYS_SEARCH_USER_PATHS = NO;
				ASSETCATALOG_COMPILER_GENERATE_SWIFT_ASSET_SYMBOL_EXTENSIONS = YES;
				CLANG_ANALYZER_NONNULL = YES;
				CLANG_ANALYZER_NUMBER_OBJECT_CONVERSION = YES_AGGRESSIVE;
				CLANG_CXX_LANGUAGE_STANDARD = "gnu++20";
				CLANG_ENABLE_MODULES = YES;
				CLANG_ENABLE_OBJC_ARC = YES;
				CLANG_ENABLE_OBJC_WEAK = YES;
				CLANG_WARN_BLOCK_CAPTURE_AUTORELEASING = YES;
				CLANG_WARN_BOOL_CONVERSION = YES;
				CLANG_WARN_COMMA = YES;
				CLANG_WARN_CONSTANT_CONVERSION = YES;
				CLANG_WARN_DEPRECATED_OBJC_IMPLEMENTATIONS = YES;
				CLANG_WARN_DIRECT_OBJC_ISA_USAGE = YES_ERROR;
				CLANG_WARN_DOCUMENTATION_COMMENTS = YES;
				CLANG_WARN_EMPTY_BODY = YES;
				CLANG_WARN_ENUM_CONVERSION = YES;
				CLANG_WARN_INFINITE_RECURSION = YES;
				CLANG_WARN_INT_CONVERSION = YES;
				CLANG_WARN_NON_LITERAL_NULL_CONVERSION = YES;
				CLANG_WARN_OBJC_IMPLICIT_RETAIN_SELF = YES;
				CLANG_WARN_OBJC_LITERAL_CONVERSION = YES;
				CLANG_WARN_OBJC_ROOT_CLASS = YES_ERROR;
				CLANG_WARN_QUOTED_INCLUDE_IN_FRAMEWORK_HEADER = YES;
				CLANG_WARN_RANGE_LOOP_ANALYSIS = YES;
				CLANG_WARN_STRICT_PROTOTYPES = YES;
				CLANG_WARN_SUSPICIOUS_MOVE = YES;
				CLANG_WARN_UNGUARDED_AVAILABILITY = YES_AGGRESSIVE;
				CLANG_WARN_UNREACHABLE_CODE = YES;
				CLANG_WARN__DUPLICATE_METHOD_MATCH = YES;
				COPY_PHASE_STRIP = NO;
				DEBUG_INFORMATION_FORMAT = dwarf;
				ENABLE_STRICT_OBJC_MSGSEND = YES;
				ENABLE_TESTABILITY = YES;
				ENABLE_USER_SCRIPT_SANDBOXING = YES;
				GCC_C_LANGUAGE_STANDARD = gnu17;
				GCC_DYNAMIC_NO_PIC = NO;
				GCC_NO_COMMON_BLOCKS = YES;
				GCC_OPTIMIZATION_LEVEL = 0;
				GCC_PREPROCESSOR_DEFINITIONS = (
					"DEBUG=1",
					"$(inherited)",
				);
				GCC_WARN_64_TO_32_BIT_CONVERSION = YES;
				GCC_WARN_ABOUT_RETURN_TYPE = YES_ERROR;
				GCC_WARN_UNDECLARED_SELECTOR = YES;
				GCC_WARN_UNINITIALIZED_AUTOS = YES_AGGRESSIVE;
				GCC_WARN_UNUSED_FUNCTION = YES;
				GCC_WARN_UNUSED_VARIABLE = YES;
				IPHONEOS_DEPLOYMENT_TARGET = 18.2;
				LOCALIZATION_PREFERS_STRING_CATALOGS = YES;
				MTL_ENABLE_DEBUG_INFO = INCLUDE_SOURCE;
				MTL_FAST_MATH = YES;
				ONLY_ACTIVE_ARCH = YES;
				SDKROOT = iphoneos;
				SWIFT_ACTIVE_COMPILATION_CONDITIONS = "DEBUG $(inherited)";
				SWIFT_OPTIMIZATION_LEVEL = "-Onone";
			};
			name = Debug;
		};
		65BFE5922E07C373008531D1 /* Release */ = {
			isa = XCBuildConfiguration;
			buildSettings = {
				ALWAYS_SEARCH_USER_PATHS = NO;
				ASSETCATALOG_COMPILER_GENERATE_SWIFT_ASSET_SYMBOL_EXTENSIONS = YES;
				CLANG_ANALYZER_NONNULL = YES;
				CLANG_ANALYZER_NUMBER_OBJECT_CONVERSION = YES_AGGRESSIVE;
				CLANG_CXX_LANGUAGE_STANDARD = "gnu++20";
				CLANG_ENABLE_MODULES = YES;
				CLANG_ENABLE_OBJC_ARC = YES;
				CLANG_ENABLE_OBJC_WEAK = YES;
				CLANG_WARN_BLOCK_CAPTURE_AUTORELEASING = YES;
				CLANG_WARN_BOOL_CONVERSION = YES;
				CLANG_WARN_COMMA = YES;
				CLANG_WARN_CONSTANT_CONVERSION = YES;
				CLANG_WARN_DEPRECATED_OBJC_IMPLEMENTATIONS = YES;
				CLANG_WARN_DIRECT_OBJC_ISA_USAGE = YES_ERROR;
				CLANG_WARN_DOCUMENTATION_COMMENTS = YES;
				CLANG_WARN_EMPTY_BODY = YES;
				CLANG_WARN_ENUM_CONVERSION = YES;
				CLANG_WARN_INFINITE_RECURSION = YES;
				CLANG_WARN_INT_CONVERSION = YES;
				CLANG_WARN_NON_LITERAL_NULL_CONVERSION = YES;
				CLANG_WARN_OBJC_IMPLICIT_RETAIN_SELF = YES;
				CLANG_WARN_OBJC_LITERAL_CONVERSION = YES;
				CLANG_WARN_OBJC_ROOT_CLASS = YES_ERROR;
				CLANG_WARN_QUOTED_INCLUDE_IN_FRAMEWORK_HEADER = YES;
				CLANG_WARN_RANGE_LOOP_ANALYSIS = YES;
				CLANG_WARN_STRICT_PROTOTYPES = YES;
				CLANG_WARN_SUSPICIOUS_MOVE = YES;
				CLANG_WARN_UNGUARDED_AVAILABILITY = YES_AGGRESSIVE;
				CLANG_WARN_UNREACHABLE_CODE = YES;
				CLANG_WARN__DUPLICATE_METHOD_MATCH = YES;
				COPY_PHASE_STRIP = NO;
				DEBUG_INFORMATION_FORMAT = "dwarf-with-dsym";
				ENABLE_NS_ASSERTIONS = NO;
				ENABLE_STRICT_OBJC_MSGSEND = YES;
				ENABLE_USER_SCRIPT_SANDBOXING = YES;
				GCC_C_LANGUAGE_STANDARD = gnu17;
				GCC_NO_COMMON_BLOCKS = YES;
				GCC_WARN_64_TO_32_BIT_CONVERSION = YES;
				GCC_WARN_ABOUT_RETURN_TYPE = YES_ERROR;
				GCC_WARN_UNDECLARED_SELECTOR = YES;
				GCC_WARN_UNINITIALIZED_AUTOS = YES_AGGRESSIVE;
				GCC_WARN_UNUSED_FUNCTION = YES;
				GCC_WARN_UNUSED_VARIABLE = YES;
				IPHONEOS_DEPLOYMENT_TARGET = 18.2;
				LOCALIZATION_PREFERS_STRING_CATALOGS = YES;
				MTL_ENABLE_DEBUG_INFO = NO;
				MTL_FAST_MATH = YES;
				SDKROOT = iphoneos;
				SWIFT_COMPILATION_MODE = wholemodule;
				VALIDATE_PRODUCT = YES;
			};
			name = Release;
		};
		65BFE5942E07C373008531D1 /* Debug */ = {
			isa = XCBuildConfiguration;
			buildSettings = {
				ASSETCATALOG_COMPILER_APPICON_NAME = AppIcon;
				ASSETCATALOG_COMPILER_GLOBAL_ACCENT_COLOR_NAME = AccentColor;
				CODE_SIGN_STYLE = Automatic;
				CURRENT_PROJECT_VERSION = 1;
				DEVELOPMENT_ASSET_PATHS = "\"MarketStaffApp/Preview Content\"";
				DEVELOPMENT_TEAM = ZBVYAPLFMF;
				ENABLE_PREVIEWS = YES;
				GENERATE_INFOPLIST_FILE = YES;
				INFOPLIST_KEY_NSCameraUsageDescription = "We need access to your camera to scan barcodes for order verification.";
				INFOPLIST_KEY_UIApplicationSceneManifest_Generation = YES;
				INFOPLIST_KEY_UIApplicationSupportsIndirectInputEvents = YES;
				INFOPLIST_KEY_UILaunchScreen_Generation = YES;
				INFOPLIST_KEY_UISupportedInterfaceOrientations_iPad = "UIInterfaceOrientationPortrait UIInterfaceOrientationPortraitUpsideDown UIInterfaceOrientationLandscapeLeft UIInterfaceOrientationLandscapeRight";
				INFOPLIST_KEY_UISupportedInterfaceOrientations_iPhone = "UIInterfaceOrientationPortrait UIInterfaceOrientationLandscapeLeft UIInterfaceOrientationLandscapeRight";
				LD_RUNPATH_SEARCH_PATHS = (
					"$(inherited)",
					"@executable_path/Frameworks",
				);
				MARKETING_VERSION = 1.0;
				PRODUCT_BUNDLE_IDENTIFIER = com.codewithgio.MarketStaffApp;
				PRODUCT_NAME = "$(TARGET_NAME)";
				SWIFT_EMIT_LOC_STRINGS = YES;
				SWIFT_VERSION = 5.0;
				TARGETED_DEVICE_FAMILY = "1,2";
			};
			name = Debug;
		};
		65BFE5952E07C373008531D1 /* Release */ = {
			isa = XCBuildConfiguration;
			buildSettings = {
				ASSETCATALOG_COMPILER_APPICON_NAME = AppIcon;
				ASSETCATALOG_COMPILER_GLOBAL_ACCENT_COLOR_NAME = AccentColor;
				CODE_SIGN_STYLE = Automatic;
				CURRENT_PROJECT_VERSION = 1;
				DEVELOPMENT_ASSET_PATHS = "\"MarketStaffApp/Preview Content\"";
				DEVELOPMENT_TEAM = ZBVYAPLFMF;
				ENABLE_PREVIEWS = YES;
				GENERATE_INFOPLIST_FILE = YES;
				INFOPLIST_KEY_NSCameraUsageDescription = "We need access to your camera to scan barcodes for order verification.";
				INFOPLIST_KEY_UIApplicationSceneManifest_Generation = YES;
				INFOPLIST_KEY_UIApplicationSupportsIndirectInputEvents = YES;
				INFOPLIST_KEY_UILaunchScreen_Generation = YES;
				INFOPLIST_KEY_UISupportedInterfaceOrientations_iPad = "UIInterfaceOrientationPortrait UIInterfaceOrientationPortraitUpsideDown UIInterfaceOrientationLandscapeLeft UIInterfaceOrientationLandscapeRight";
				INFOPLIST_KEY_UISupportedInterfaceOrientations_iPhone = "UIInterfaceOrientationPortrait UIInterfaceOrientationLandscapeLeft UIInterfaceOrientationLandscapeRight";
				LD_RUNPATH_SEARCH_PATHS = (
					"$(inherited)",
					"@executable_path/Frameworks",
				);
				MARKETING_VERSION = 1.0;
				PRODUCT_BUNDLE_IDENTIFIER = com.codewithgio.MarketStaffApp;
				PRODUCT_NAME = "$(TARGET_NAME)";
				SWIFT_EMIT_LOC_STRINGS = YES;
				SWIFT_VERSION = 5.0;
				TARGETED_DEVICE_FAMILY = "1,2";
			};
			name = Release;
		};
		65BFE5972E07C373008531D1 /* Debug */ = {
			isa = XCBuildConfiguration;
			buildSettings = {
				BUNDLE_LOADER = "$(TEST_HOST)";
				CODE_SIGN_STYLE = Automatic;
				CURRENT_PROJECT_VERSION = 1;
				DEVELOPMENT_TEAM = ZBVYAPLFMF;
				GENERATE_INFOPLIST_FILE = YES;
				IPHONEOS_DEPLOYMENT_TARGET = 18.2;
				MARKETING_VERSION = 1.0;
				PRODUCT_BUNDLE_IDENTIFIER = com.codewithgio.MarketStaffAppTests;
				PRODUCT_NAME = "$(TARGET_NAME)";
				SWIFT_EMIT_LOC_STRINGS = NO;
				SWIFT_VERSION = 5.0;
				TARGETED_DEVICE_FAMILY = "1,2";
				TEST_HOST = "$(BUILT_PRODUCTS_DIR)/MarketStaffApp.app/$(BUNDLE_EXECUTABLE_FOLDER_PATH)/MarketStaffApp";
			};
			name = Debug;
		};
		65BFE5982E07C373008531D1 /* Release */ = {
			isa = XCBuildConfiguration;
			buildSettings = {
				BUNDLE_LOADER = "$(TEST_HOST)";
				CODE_SIGN_STYLE = Automatic;
				CURRENT_PROJECT_VERSION = 1;
				DEVELOPMENT_TEAM = ZBVYAPLFMF;
				GENERATE_INFOPLIST_FILE = YES;
				IPHONEOS_DEPLOYMENT_TARGET = 18.2;
				MARKETING_VERSION = 1.0;
				PRODUCT_BUNDLE_IDENTIFIER = com.codewithgio.MarketStaffAppTests;
				PRODUCT_NAME = "$(TARGET_NAME)";
				SWIFT_EMIT_LOC_STRINGS = NO;
				SWIFT_VERSION = 5.0;
				TARGETED_DEVICE_FAMILY = "1,2";
				TEST_HOST = "$(BUILT_PRODUCTS_DIR)/MarketStaffApp.app/$(BUNDLE_EXECUTABLE_FOLDER_PATH)/MarketStaffApp";
			};
			name = Release;
		};
		65BFE59A2E07C373008531D1 /* Debug */ = {
			isa = XCBuildConfiguration;
			buildSettings = {
				CODE_SIGN_STYLE = Automatic;
				CURRENT_PROJECT_VERSION = 1;
				DEVELOPMENT_TEAM = ZBVYAPLFMF;
				GENERATE_INFOPLIST_FILE = YES;
				MARKETING_VERSION = 1.0;
				PRODUCT_BUNDLE_IDENTIFIER = com.codewithgio.MarketStaffAppUITests;
				PRODUCT_NAME = "$(TARGET_NAME)";
				SWIFT_EMIT_LOC_STRINGS = NO;
				SWIFT_VERSION = 5.0;
				TARGETED_DEVICE_FAMILY = "1,2";
				TEST_TARGET_NAME = MarketStaffApp;
			};
			name = Debug;
		};
		65BFE59B2E07C373008531D1 /* Release */ = {
			isa = XCBuildConfiguration;
			buildSettings = {
				CODE_SIGN_STYLE = Automatic;
				CURRENT_PROJECT_VERSION = 1;
				DEVELOPMENT_TEAM = ZBVYAPLFMF;
				GENERATE_INFOPLIST_FILE = YES;
				MARKETING_VERSION = 1.0;
				PRODUCT_BUNDLE_IDENTIFIER = com.codewithgio.MarketStaffAppUITests;
				PRODUCT_NAME = "$(TARGET_NAME)";
				SWIFT_EMIT_LOC_STRINGS = NO;
				SWIFT_VERSION = 5.0;
				TARGETED_DEVICE_FAMILY = "1,2";
				TEST_TARGET_NAME = MarketStaffApp;
			};
			name = Release;
		};
/* End XCBuildConfiguration section */

/* Begin XCConfigurationList section */
		65BFE56A2E07C372008531D1 /* Build configuration list for PBXProject "MarketStaffApp" */ = {
			isa = XCConfigurationList;
			buildConfigurations = (
				65BFE5912E07C373008531D1 /* Debug */,
				65BFE5922E07C373008531D1 /* Release */,
			);
			defaultConfigurationIsVisible = 0;
			defaultConfigurationName = Release;
		};
		65BFE5932E07C373008531D1 /* Build configuration list for PBXNativeTarget "MarketStaffApp" */ = {
			isa = XCConfigurationList;
			buildConfigurations = (
				65BFE5942E07C373008531D1 /* Debug */,
				65BFE5952E07C373008531D1 /* Release */,
			);
			defaultConfigurationIsVisible = 0;
			defaultConfigurationName = Release;
		};
		65BFE5962E07C373008531D1 /* Build configuration list for PBXNativeTarget "MarketStaffAppTests" */ = {
			isa = XCConfigurationList;
			buildConfigurations = (
				65BFE5972E07C373008531D1 /* Debug */,
				65BFE5982E07C373008531D1 /* Release */,
			);
			defaultConfigurationIsVisible = 0;
			defaultConfigurationName = Release;
		};
		65BFE5992E07C373008531D1 /* Build configuration list for PBXNativeTarget "MarketStaffAppUITests" */ = {
			isa = XCConfigurationList;
			buildConfigurations = (
				65BFE59A2E07C373008531D1 /* Debug */,
				65BFE59B2E07C373008531D1 /* Release */,
			);
			defaultConfigurationIsVisible = 0;
			defaultConfigurationName = Release;
		};
/* End XCConfigurationList section */

/* Begin XCRemoteSwiftPackageReference section */
		65BFE5ED2E07C68B008531D1 /* XCRemoteSwiftPackageReference "firebase-ios-sdk" */ = {
			isa = XCRemoteSwiftPackageReference;
			repositoryURL = "https://github.com/firebase/firebase-ios-sdk";
			requirement = {
				kind = upToNextMajorVersion;
				minimumVersion = 11.14.0;
			};
		};
/* End XCRemoteSwiftPackageReference section */

/* Begin XCSwiftPackageProductDependency section */
		65BFE5EE2E07C68B008531D1 /* FirebaseAuth */ = {
			isa = XCSwiftPackageProductDependency;
			package = 65BFE5ED2E07C68B008531D1 /* XCRemoteSwiftPackageReference "firebase-ios-sdk" */;
			productName = FirebaseAuth;
		};
		65BFE5F02E07C68B008531D1 /* FirebaseFirestore */ = {
			isa = XCSwiftPackageProductDependency;
			package = 65BFE5ED2E07C68B008531D1 /* XCRemoteSwiftPackageReference "firebase-ios-sdk" */;
			productName = FirebaseFirestore;
		};
/* End XCSwiftPackageProductDependency section */
	};
	rootObject = 65BFE5672E07C372008531D1 /* Project object */;
}
